hash: ea5ea6aad0c39588b5625503985ee802a0879ae39dbdb926cfde3d012cd66955
updated: 2018-01-07T18:25:20.916234991+01:00
imports:
- name: github.com/alecthomas/template
  version: a0175ee3bccc567396460bf5acd36800cb10c49c
  subpackages:
  - parse
- name: github.com/alecthomas/units
  version: 2efee857e7cfd4f3d0138cc3cbb1b4966962b93a
- name: github.com/DeanThompson/ginpprof
  version: 8c0e31bfeaa87bd40412ee8a8ba383f5f700ff72
- name: github.com/gin-contrib/sse
  version: 22d885f9ecc78bf4ee5d72b937e4bbcdc58e8cae
- name: github.com/gin-gonic/gin
  version: a712f77d7aaec7eb4766a663924aaa4e54d3fe70
  subpackages:
  - binding
  - json
  - render
- name: github.com/golang/glog
  version: 44145f04b68cf362d9c4df2182967c2275eaefed
- name: github.com/golang/protobuf
  version: 6a1fa9404c0aebf36c879bc50152edcc953910d2
  subpackages:
  - proto
- name: github.com/json-iterator/go
  version: 0ab880662f61f7b74754bc1c778a512e388bee22
- name: github.com/mattn/go-isatty
  version: 6ca4dbf54d38eea1a992b3c722a76a5d1c4cb25c
- name: github.com/szuecs/gin-glog
  version: da59244bde84149ae00db0c2b8e62b9d899e6993
- name: github.com/szuecs/gin-gomonitor
  version: 52a62f5215c5f8058fd3745158b10db84f795d32
- name: github.com/ugorji/go
  version: ded73eae5db7e7a0ef6f55aace87a2873c5d2b74
  subpackages:
  - codec
- name: github.com/zalando/gin-oauth2
  version: 60e21b8c80831d68accaa0fe9e69c2b7f38ba112
  subpackages:
  - zalando
- name: golang.org/x/crypto
  version: faadfbdc035307d901e69eea569f5dda451a3ee3
  subpackages:
  - ssh/terminal
- name: golang.org/x/net
  version: f5079bd7f6f74e23c4d65efa0f4ce14cbd6a3c0f
  subpackages:
  - context
  - publicsuffix
- name: golang.org/x/oauth2
  version: 3c3a985cb79f52a3190fbc056984415ca6763d01
  subpackages:
  - internal
- name: golang.org/x/sys
  version: 739734461d1c916b6c72a63d7efda2b27edb369f
  subpackages:
  - unix
  - windows
- name: google.golang.org/appengine
  version: 4f7eeb5305a4ba1966344836ba4af9996b7b4e05
  subpackages:
  - internal
  - internal/base
  - internal/datastore
  - internal/log
  - internal/remote_api
  - internal/urlfetch
  - urlfetch
- name: gopkg.in/alecthomas/kingpin.v2
  version: 947dcec5ba9c011838740e680966fd7087a71d0d
- name: gopkg.in/go-playground/validator.v8
  version: 5f1438d3fca68893a817e4a66806cea46a9e4ebf
- name: gopkg.in/mcuadros/go-monitor.v1
  version: b46e0cb50c9d4bd193bc1ebed8119f1f0b9a0aff
  subpackages:
  - aspects
- name: gopkg.in/resty.v0
  version: cf81ed0a604d373be63b4c036c6b05c06520615f
- name: gopkg.in/yaml.v1
  version: 9f9df34309c04878acc86042b16630b0f696e1de
- name: gopkg.in/yaml.v2
  version: 53feefa2559fb8dfa8d81baad31be332c97d6c77
testImports: []
